{
  "name": "projectjson",
  "version": "1.0.0",
  "lockfileVersion": 3,
  "requires": true,
  "packages": {
    "": {
      "name": "projectjson",
      "version": "1.0.0",
      "license": "ISC",
      "dependencies": {
        "@hebcal/learning": "^6.4.2"
      }
    },
    "node_modules/@hebcal/core": {
      "version": "5.9.8",
      "resolved": "https://registry.npmjs.org/@hebcal/core/-/core-5.9.8.tgz",
      "integrity": "sha512-YeJxSK4qYq5zupXGjLFlLSxbT+qYDn/bAU/m3rUr/qyeDFauYgSRQmyIrljyr2NP/ZJs18xeNjsyyvOIAs29HA==",
      "license": "GPL-2.0",
      "dependencies": {
        "@hebcal/hdate": "^0.14.2",
        "@hebcal/noaa": "^0.9.2",
        "quick-lru": "^6.1.2",
        "temporal-polyfill": "^0.3.0",
        "tslib": "^2.8.1"
      },
      "engines": {
        "node": ">= 16.0.0"
      }
    },
    "node_modules/@hebcal/hdate": {
      "version": "0.14.2",
      "resolved": "https://registry.npmjs.org/@hebcal/hdate/-/hdate-0.14.2.tgz",
      "integrity": "sha512-pmz17JXXHGZcUEWcRS7ug1oh+EaUyGnSmf9VM8vrUg3KoSQm7F+8rjPoX2WhUYl187qzGU3/vCBYGQFQI1RsEA==",
      "license": "GPL-2.0"
    },
    "node_modules/@hebcal/learning": {
      "version": "6.4.2",
      "resolved": "https://registry.npmjs.org/@hebcal/learning/-/learning-6.4.2.tgz",
      "integrity": "sha512-AFrCFan6aFL7UBWXHsl6RXAQd7BdleQTIv3MXdaqH0vD3rZ0TigYqKGcL/hyDa8QAMjH/n7Yihydf2n9cIx9Ag==",
      "license": "BSD-2-Clause",
      "dependencies": {
        "@hebcal/core": "^5.9.8"
      },
      "engines": {
        "node": ">= 18.0.0"
      }
    },
    "node_modules/@hebcal/noaa": {
      "version": "0.9.2",
      "resolved": "https://registry.npmjs.org/@hebcal/noaa/-/noaa-0.9.2.tgz",
      "integrity": "sha512-pw6hixqxdgkhaxj/5aQgaBYevLUaerUvEIPNUSKYn2B77NOH4xZQF1A3YZlXel8MzGHyVbtB434uS4QAOMjZWQ==",
      "license": "LGPL-2.1",
      "dependencies": {
        "temporal-polyfill": "^0.3.0"
      }
    },
    "node_modules/quick-lru": {
      "version": "6.1.2",
      "resolved": "https://registry.npmjs.org/quick-lru/-/quick-lru-6.1.2.tgz",
      "integrity": "sha512-AAFUA5O1d83pIHEhJwWCq/RQcRukCkn/NSm2QsTEMle5f2hP0ChI2+3Xb051PZCkLryI/Ir1MVKviT2FIloaTQ==",
      "license": "MIT",
      "engines": {
        "node": ">=12"
      },
      "funding": {
        "url": "https://github.com/sponsors/sindresorhus"
      }
    },
    "node_modules/temporal-polyfill": {
      "version": "0.3.0",
      "resolved": "https://registry.npmjs.org/temporal-polyfill/-/temporal-polyfill-0.3.0.tgz",
      "integrity": "sha512-qNsTkX9K8hi+FHDfHmf22e/OGuXmfBm9RqNismxBrnSmZVJKegQ+HYYXT+R7Ha8F/YSm2Y34vmzD4cxMu2u95g==",
      "license": "MIT",
      "dependencies": {
        "temporal-spec": "0.3.0"
      }
    },
    "node_modules/temporal-spec": {
      "version": "0.3.0",
      "resolved": "https://registry.npmjs.org/temporal-spec/-/temporal-spec-0.3.0.tgz",
      "integrity": "sha512-n+noVpIqz4hYgFSMOSiINNOUOMFtV5cZQNCmmszA6GiVFVRt3G7AqVyhXjhCSmowvQn+NsGn+jMDMKJYHd3bSQ==",
      "license": "ISC"
    },
    "node_modules/tslib": {
      "version": "2.8.1",
      "resolved": "https://registry.npmjs.org/tslib/-/tslib-2.8.1.tgz",
      "integrity": "sha512-oJFu94HQb+KVduSUQL7wnpmqnfmLsOA/nAh6b6EH0wCEoK0/mPeXU6c3wKDV83MkOuHPRHtSXKKU99IBazS/2w==",
      "license": "0BSD"
    }
  }
}
